PODS:
  - Alamofire (5.5.0)
  - GGDevelopmentKit (0.1.0)
  - RxBlocking (6.2.0):
    - RxSwift (= 6.2.0)
  - RxCocoa (6.2.0):
    - RxRelay (= 6.2.0)
    - RxSwift (= 6.2.0)
  - RxRelay (6.2.0):
    - RxSwift (= 6.2.0)
  - RxSwift (6.2.0)
  - RxTest (6.2.0):
    - RxSwift (= 6.2.0)

DEPENDENCIES:
  - Alamofire (~> 5.5)
  - GGDevelopmentKit (~> 0.1.0)
  - RxBlocking
  - RxCocoa (>= 5.0.0)
  - RxSwift (>= 5.0.0)
  - RxTest

SPEC REPOS:
  https://github.com/Crowlleey/Podspecs.git:
    - GGDevelopmentKit
  trunk:
    - Alamofire
    - RxBlocking
    - RxCocoa
    - RxRelay
    - RxSwift
    - RxTest

SPEC CHECKSUMS:
  Alamofire: 1c4fb5369c3fe93d2857c780d8bbe09f06f97e7c
  GGDevelopmentKit: 7e50a64da4b2ec199c6bf4cb221d0fc94353f064
  RxBlocking: 0b29f7d2079109a8de49c411381bed7c33ef1eeb
  RxCocoa: 4baf94bb35f2c0ab31bc0cb9f1900155f646ba42
  RxRelay: e72dbfd157807478401ef1982e1c61c945c94b2f
  RxSwift: d356ab7bee873611322f134c5f9ef379fa183d8f
  RxTest: 0c692fa672b694373ba86d2b00033595297a2831

PODFILE CHECKSUM: 5886137b459b1a2097dd18aed0ee009ab655e0a9

COCOAPODS: 1.11.0
