PODS:
  - Alamofire (5.5.0)
  - GGDevelopmentKit (0.7.0):
    - RxCocoa
    - RxSwift
  - lottie-ios (3.3.0)
  - Nimble (9.2.1)
  - Quick (4.0.0)
  - RxBlocking (6.2.0):
    - RxSwift (= 6.2.0)
  - RxCocoa (6.2.0):
    - RxRelay (= 6.2.0)
    - RxSwift (= 6.2.0)
  - RxRelay (6.2.0):
    - RxSwift (= 6.2.0)
  - RxSwift (6.2.0)
  - RxTest (6.2.0):
    - RxSwift (= 6.2.0)

DEPENDENCIES:
  - Alamofire (~> 5.5)
  - GGDevelopmentKit (~> 0.7.0)
  - lottie-ios (~> 3.3.0)
  - Nimble (~> 9.2.1)
  - Quick (~> 4.0.0)
  - RxBlocking
  - RxCocoa (>= 5.0.0)
  - RxSwift (>= 5.0.0)
  - RxTest

SPEC REPOS:
  https://github.com/AnTonhoLAB/Podspecs.git:
    - GGDevelopmentKit
  https://github.com/CocoaPods/Specs.git:
    - Alamofire
    - lottie-ios
    - Nimble
    - Quick
    - RxBlocking
    - RxCocoa
    - RxRelay
    - RxSwift
    - RxTest

SPEC CHECKSUMS:
  Alamofire: 1c4fb5369c3fe93d2857c780d8bbe09f06f97e7c
  GGDevelopmentKit: 25959466b35ea38dcfe814e724f426239fda7fbb
  lottie-ios: 6ac74dcc09904798f59b18cb3075c089d76be9ae
  Nimble: e7e615c0335ee4bf5b0d786685451e62746117d5
  Quick: 6473349e43b9271a8d43839d9ba1c442ed1b7ac4
  RxBlocking: 0b29f7d2079109a8de49c411381bed7c33ef1eeb
  RxCocoa: 4baf94bb35f2c0ab31bc0cb9f1900155f646ba42
  RxRelay: e72dbfd157807478401ef1982e1c61c945c94b2f
  RxSwift: d356ab7bee873611322f134c5f9ef379fa183d8f
  RxTest: 0c692fa672b694373ba86d2b00033595297a2831

PODFILE CHECKSUM: 223458621066dcb5b130424be9cbe11176527f9c

COCOAPODS: 1.11.2
